// !$*UTF8*$!
{
	archiveVersion = 1;
	classes = {
	};
	objectVersion = 56;
	objects = {

/* Begin PBXBuildFile section */
		0415DEDB29B0384600B03C30 /* Just_List_ItApp.swift in Sources */ = {isa = PBXBuildFile; fileRef = 0415DEDA29B0384600B03C30 /* Just_List_ItApp.swift */; };
		0415DEDF29B0384800B03C30 /* Assets.xcassets in Resources */ = {isa = PBXBuildFile; fileRef = 0415DEDE29B0384800B03C30 /* Assets.xcassets */; };
		0415DEE229B0384800B03C30 /* Preview Assets.xcassets in Resources */ = {isa = PBXBuildFile; fileRef = 0415DEE129B0384800B03C30 /* Preview Assets.xcassets */; };
		0415DEEC29B0384800B03C30 /* Just_List_ItTests.swift in Sources */ = {isa = PBXBuildFile; fileRef = 0415DEEB29B0384800B03C30 /* Just_List_ItTests.swift */; };
		0415DEF629B0384800B03C30 /* Just_List_ItUITests.swift in Sources */ = {isa = PBXBuildFile; fileRef = 0415DEF529B0384800B03C30 /* Just_List_ItUITests.swift */; };
		0415DEF829B0384800B03C30 /* Just_List_ItUITestsLaunchTests.swift in Sources */ = {isa = PBXBuildFile; fileRef = 0415DEF729B0384800B03C30 /* Just_List_ItUITestsLaunchTests.swift */; };
		0415DF0529B038C900B03C30 /* LoginView.swift in Sources */ = {isa = PBXBuildFile; fileRef = 0415DF0429B038C900B03C30 /* LoginView.swift */; };
		0415DF0829B1976B00B03C30 /* Color + Extension.swift in Sources */ = {isa = PBXBuildFile; fileRef = 0415DF0729B1976B00B03C30 /* Color + Extension.swift */; };
		0415DF0A29B19D9700B03C30 /* Image + Extension.swift in Sources */ = {isa = PBXBuildFile; fileRef = 0415DF0929B19D9700B03C30 /* Image + Extension.swift */; };
		0415DF0D29B1A40D00B03C30 /* FirebaseAuth in Frameworks */ = {isa = PBXBuildFile; productRef = 0415DF0C29B1A40D00B03C30 /* FirebaseAuth */; };
		0415DF1029B1A5A800B03C30 /* GoogleSignIn in Frameworks */ = {isa = PBXBuildFile; productRef = 0415DF0F29B1A5A800B03C30 /* GoogleSignIn */; };
		0415DF1529B1A73A00B03C30 /* GoogleService-Info.plist in Resources */ = {isa = PBXBuildFile; fileRef = 0415DF1429B1A73A00B03C30 /* GoogleService-Info.plist */; };
		0415DF1829B1A75F00B03C30 /* LoginViewModel.swift in Sources */ = {isa = PBXBuildFile; fileRef = 0415DF1729B1A75F00B03C30 /* LoginViewModel.swift */; };
		0415DF1C29B1AAF200B03C30 /* AppDelegate.swift in Sources */ = {isa = PBXBuildFile; fileRef = 0415DF1B29B1AAF200B03C30 /* AppDelegate.swift */; };
		0415DF1E29B1AB3400B03C30 /* View + Extension.swift in Sources */ = {isa = PBXBuildFile; fileRef = 0415DF1D29B1AB3400B03C30 /* View + Extension.swift */; };
/* End PBXBuildFile section */

/* Begin PBXContainerItemProxy section */
		0415DEE829B0384800B03C30 /* PBXContainerItemProxy */ = {
			isa = PBXContainerItemProxy;
			containerPortal = 0415DECF29B0384600B03C30 /* Project object */;
			proxyType = 1;
			remoteGlobalIDString = 0415DED629B0384600B03C30;
			remoteInfo = "Just List It";
		};
		0415DEF229B0384800B03C30 /* PBXContainerItemProxy */ = {
			isa = PBXContainerItemProxy;
			containerPortal = 0415DECF29B0384600B03C30 /* Project object */;
			proxyType = 1;
			remoteGlobalIDString = 0415DED629B0384600B03C30;
			remoteInfo = "Just List It";
		};
/* End PBXContainerItemProxy section */

/* Begin PBXFileReference section */
		0415DED729B0384600B03C30 /* Just List It.app */ = {isa = PBXFileReference; explicitFileType = wrapper.application; includeInIndex = 0; path = "Just List It.app"; sourceTree = BUILT_PRODUCTS_DIR; };
		0415DEDA29B0384600B03C30 /* Just_List_ItApp.swift */ = {isa = PBXFileReference; lastKnownFileType = sourcecode.swift; path = Just_List_ItApp.swift; sourceTree = "<group>"; };
		0415DEDE29B0384800B03C30 /* Assets.xcassets */ = {isa = PBXFileReference; lastKnownFileType = folder.assetcatalog; path = Assets.xcassets; sourceTree = "<group>"; };
		0415DEE129B0384800B03C30 /* Preview Assets.xcassets */ = {isa = PBXFileReference; lastKnownFileType = folder.assetcatalog; path = "Preview Assets.xcassets"; sourceTree = "<group>"; };
		0415DEE729B0384800B03C30 /* Just List ItTests.xctest */ = {isa = PBXFileReference; explicitFileType = wrapper.cfbundle; includeInIndex = 0; path = "Just List ItTests.xctest"; sourceTree = BUILT_PRODUCTS_DIR; };
		0415DEEB29B0384800B03C30 /* Just_List_ItTests.swift */ = {isa = PBXFileReference; lastKnownFileType = sourcecode.swift; path = Just_List_ItTests.swift; sourceTree = "<group>"; };
		0415DEF129B0384800B03C30 /* Just List ItUITests.xctest */ = {isa = PBXFileReference; explicitFileType = wrapper.cfbundle; includeInIndex = 0; path = "Just List ItUITests.xctest"; sourceTree = BUILT_PRODUCTS_DIR; };
		0415DEF529B0384800B03C30 /* Just_List_ItUITests.swift */ = {isa = PBXFileReference; lastKnownFileType = sourcecode.swift; path = Just_List_ItUITests.swift; sourceTree = "<group>"; };
		0415DEF729B0384800B03C30 /* Just_List_ItUITestsLaunchTests.swift */ = {isa = PBXFileReference; lastKnownFileType = sourcecode.swift; path = Just_List_ItUITestsLaunchTests.swift; sourceTree = "<group>"; };
		0415DF0429B038C900B03C30 /* LoginView.swift */ = {isa = PBXFileReference; lastKnownFileType = sourcecode.swift; path = LoginView.swift; sourceTree = "<group>"; };
		0415DF0729B1976B00B03C30 /* Color + Extension.swift */ = {isa = PBXFileReference; lastKnownFileType = sourcecode.swift; path = "Color + Extension.swift"; sourceTree = "<group>"; };
		0415DF0929B19D9700B03C30 /* Image + Extension.swift */ = {isa = PBXFileReference; lastKnownFileType = sourcecode.swift; path = "Image + Extension.swift"; sourceTree = "<group>"; };
		0415DF1329B1A6F500B03C30 /* Just-List-It-Info.plist */ = {isa = PBXFileReference; lastKnownFileType = text.plist; path = "Just-List-It-Info.plist"; sourceTree = SOURCE_ROOT; };
		0415DF1429B1A73A00B03C30 /* GoogleService-Info.plist */ = {isa = PBXFileReference; lastKnownFileType = text.plist; path = "GoogleService-Info.plist"; sourceTree = SOURCE_ROOT; };
		0415DF1729B1A75F00B03C30 /* LoginViewModel.swift */ = {isa = PBXFileReference; lastKnownFileType = sourcecode.swift; path = LoginViewModel.swift; sourceTree = "<group>"; };
		0415DF1B29B1AAF200B03C30 /* AppDelegate.swift */ = {isa = PBXFileReference; lastKnownFileType = sourcecode.swift; path = AppDelegate.swift; sourceTree = "<group>"; };
		0415DF1D29B1AB3400B03C30 /* View + Extension.swift */ = {isa = PBXFileReference; lastKnownFileType = sourcecode.swift; path = "View + Extension.swift"; sourceTree = "<group>"; };
/* End PBXFileReference section */

/* Begin PBXFrameworksBuildPhase section */
		0415DED429B0384600B03C30 /* Frameworks */ = {
			isa = PBXFrameworksBuildPhase;
			buildActionMask = 2147483647;
			files = (
				0415DF0D29B1A40D00B03C30 /* FirebaseAuth in Frameworks */,
				0415DF1029B1A5A800B03C30 /* GoogleSignIn in Frameworks */,
			);
			runOnlyForDeploymentPostprocessing = 0;
		};
		0415DEE429B0384800B03C30 /* Frameworks */ = {
			isa = PBXFrameworksBuildPhase;
			buildActionMask = 2147483647;
			files = (
			);
			runOnlyForDeploymentPostprocessing = 0;
		};
		0415DEEE29B0384800B03C30 /* Frameworks */ = {
			isa = PBXFrameworksBuildPhase;
			buildActionMask = 2147483647;
			files = (
			);
			runOnlyForDeploymentPostprocessing = 0;
		};
/* End PBXFrameworksBuildPhase section */

/* Begin PBXGroup section */
		0415DECE29B0384600B03C30 = {
			isa = PBXGroup;
			children = (
				0415DED929B0384600B03C30 /* Just List It */,
				0415DEEA29B0384800B03C30 /* Just List ItTests */,
				0415DEF429B0384800B03C30 /* Just List ItUITests */,
				0415DED829B0384600B03C30 /* Products */,
			);
			sourceTree = "<group>";
		};
		0415DED829B0384600B03C30 /* Products */ = {
			isa = PBXGroup;
			children = (
				0415DED729B0384600B03C30 /* Just List It.app */,
				0415DEE729B0384800B03C30 /* Just List ItTests.xctest */,
				0415DEF129B0384800B03C30 /* Just List ItUITests.xctest */,
			);
			name = Products;
			sourceTree = "<group>";
		};
		0415DED929B0384600B03C30 /* Just List It */ = {
			isa = PBXGroup;
			children = (
				0415DF1629B1A75000B03C30 /* Login */,
				0415DF1429B1A73A00B03C30 /* GoogleService-Info.plist */,
				0415DF1329B1A6F500B03C30 /* Just-List-It-Info.plist */,
				0415DF0629B1975900B03C30 /* Extension */,
				0415DEDA29B0384600B03C30 /* Just_List_ItApp.swift */,
				0415DEDE29B0384800B03C30 /* Assets.xcassets */,
				0415DEE029B0384800B03C30 /* Preview Content */,
				0415DF1B29B1AAF200B03C30 /* AppDelegate.swift */,
			);
			path = "Just List It";
			sourceTree = "<group>";
		};
		0415DEE029B0384800B03C30 /* Preview Content */ = {
			isa = PBXGroup;
			children = (
				0415DEE129B0384800B03C30 /* Preview Assets.xcassets */,
			);
			path = "Preview Content";
			sourceTree = "<group>";
		};
		0415DEEA29B0384800B03C30 /* Just List ItTests */ = {
			isa = PBXGroup;
			children = (
				0415DEEB29B0384800B03C30 /* Just_List_ItTests.swift */,
			);
			path = "Just List ItTests";
			sourceTree = "<group>";
		};
		0415DEF429B0384800B03C30 /* Just List ItUITests */ = {
			isa = PBXGroup;
			children = (
				0415DEF529B0384800B03C30 /* Just_List_ItUITests.swift */,
				0415DEF729B0384800B03C30 /* Just_List_ItUITestsLaunchTests.swift */,
			);
			path = "Just List ItUITests";
			sourceTree = "<group>";
		};
		0415DF0629B1975900B03C30 /* Extension */ = {
			isa = PBXGroup;
			children = (
				0415DF0729B1976B00B03C30 /* Color + Extension.swift */,
				0415DF0929B19D9700B03C30 /* Image + Extension.swift */,
				0415DF1D29B1AB3400B03C30 /* View + Extension.swift */,
			);
			path = Extension;
			sourceTree = "<group>";
		};
		0415DF1629B1A75000B03C30 /* Login */ = {
			isa = PBXGroup;
			children = (
				0415DF2029B6E11200B03C30 /* ViewModel */,
				0415DF1F29B6E10000B03C30 /* View */,
			);
			path = Login;
			sourceTree = "<group>";
		};
		0415DF1F29B6E10000B03C30 /* View */ = {
			isa = PBXGroup;
			children = (
				0415DF0429B038C900B03C30 /* LoginView.swift */,
			);
			name = View;
			path = "퍋ㅈ";
			sourceTree = "<group>";
		};
		0415DF2029B6E11200B03C30 /* ViewModel */ = {
			isa = PBXGroup;
			children = (
				0415DF1729B1A75F00B03C30 /* LoginViewModel.swift */,
			);
			path = ViewModel;
			sourceTree = "<group>";
		};
/* End PBXGroup section */

/* Begin PBXNativeTarget section */
		0415DED629B0384600B03C30 /* Just List It */ = {
			isa = PBXNativeTarget;
			buildConfigurationList = 0415DEFB29B0384800B03C30 /* Build configuration list for PBXNativeTarget "Just List It" */;
			buildPhases = (
				0415DED329B0384600B03C30 /* Sources */,
				0415DED429B0384600B03C30 /* Frameworks */,
				0415DED529B0384600B03C30 /* Resources */,
			);
			buildRules = (
			);
			dependencies = (
			);
			name = "Just List It";
			packageProductDependencies = (
				0415DF0C29B1A40D00B03C30 /* FirebaseAuth */,
				0415DF0F29B1A5A800B03C30 /* GoogleSignIn */,
			);
			productName = "Just List It";
			productReference = 0415DED729B0384600B03C30 /* Just List It.app */;
			productType = "com.apple.product-type.application";
		};
		0415DEE629B0384800B03C30 /* Just List ItTests */ = {
			isa = PBXNativeTarget;
			buildConfigurationList = 0415DEFE29B0384800B03C30 /* Build configuration list for PBXNativeTarget "Just List ItTests" */;
			buildPhases = (
				0415DEE329B0384800B03C30 /* Sources */,
				0415DEE429B0384800B03C30 /* Frameworks */,
				0415DEE529B0384800B03C30 /* Resources */,
			);
			buildRules = (
			);
			dependencies = (
				0415DEE929B0384800B03C30 /* PBXTargetDependency */,
			);
			name = "Just List ItTests";
			productName = "Just List ItTests";
			productReference = 0415DEE729B0384800B03C30 /* Just List ItTests.xctest */;
			productType = "com.apple.product-type.bundle.unit-test";
		};
		0415DEF029B0384800B03C30 /* Just List ItUITests */ = {
			isa = PBXNativeTarget;
			buildConfigurationList = 0415DF0129B0384800B03C30 /* Build configuration list for PBXNativeTarget "Just List ItUITests" */;
			buildPhases = (
				0415DEED29B0384800B03C30 /* Sources */,
				0415DEEE29B0384800B03C30 /* Frameworks */,
				0415DEEF29B0384800B03C30 /* Resources */,
			);
			buildRules = (
			);
			dependencies = (
				0415DEF329B0384800B03C30 /* PBXTargetDependency */,
			);
			name = "Just List ItUITests";
			productName = "Just List ItUITests";
			productReference = 0415DEF129B0384800B03C30 /* Just List ItUITests.xctest */;
			productType = "com.apple.product-type.bundle.ui-testing";
		};
/* End PBXNativeTarget section */

/* Begin PBXProject section */
		0415DECF29B0384600B03C30 /* Project object */ = {
			isa = PBXProject;
			attributes = {
				BuildIndependentTargetsInParallel = 1;
				LastSwiftUpdateCheck = 1420;
				LastUpgradeCheck = 1420;
				TargetAttributes = {
					0415DED629B0384600B03C30 = {
						CreatedOnToolsVersion = 14.2;
					};
					0415DEE629B0384800B03C30 = {
						CreatedOnToolsVersion = 14.2;
						TestTargetID = 0415DED629B0384600B03C30;
					};
					0415DEF029B0384800B03C30 = {
						CreatedOnToolsVersion = 14.2;
						TestTargetID = 0415DED629B0384600B03C30;
					};
				};
			};
			buildConfigurationList = 0415DED229B0384600B03C30 /* Build configuration list for PBXProject "Just List It" */;
			compatibilityVersion = "Xcode 14.0";
			developmentRegion = en;
			hasScannedForEncodings = 0;
			knownRegions = (
				en,
				Base,
			);
			mainGroup = 0415DECE29B0384600B03C30;
			packageReferences = (
				0415DF0B29B1A40D00B03C30 /* XCRemoteSwiftPackageReference "firebase-ios-sdk" */,
				0415DF0E29B1A5A800B03C30 /* XCRemoteSwiftPackageReference "GoogleSignIn-iOS" */,
			);
			productRefGroup = 0415DED829B0384600B03C30 /* Products */;
			projectDirPath = "";
			projectRoot = "";
			targets = (
				0415DED629B0384600B03C30 /* Just List It */,
				0415DEE629B0384800B03C30 /* Just List ItTests */,
				0415DEF029B0384800B03C30 /* Just List ItUITests */,
			);
		};
/* End PBXProject section */

/* Begin PBXResourcesBuildPhase section */
		0415DED529B0384600B03C30 /* Resources */ = {
			isa = PBXResourcesBuildPhase;
			buildActionMask = 2147483647;
			files = (
				0415DEE229B0384800B03C30 /* Preview Assets.xcassets in Resources */,
				0415DEDF29B0384800B03C30 /* Assets.xcassets in Resources */,
				0415DF1529B1A73A00B03C30 /* GoogleService-Info.plist in Resources */,
			);
			runOnlyForDeploymentPostprocessing = 0;
		};
		0415DEE529B0384800B03C30 /* Resources */ = {
			isa = PBXResourcesBuildPhase;
			buildActionMask = 2147483647;
			files = (
			);
			runOnlyForDeploymentPostprocessing = 0;
		};
		0415DEEF29B0384800B03C30 /* Resources */ = {
			isa = PBXResourcesBuildPhase;
			buildActionMask = 2147483647;
			files = (
			);
			runOnlyForDeploymentPostprocessing = 0;
		};
/* End PBXResourcesBuildPhase section */

/* Begin PBXSourcesBuildPhase section */
		0415DED329B0384600B03C30 /* Sources */ = {
			isa = PBXSourcesBuildPhase;
			buildActionMask = 2147483647;
			files = (
				0415DF0529B038C900B03C30 /* LoginView.swift in Sources */,
				0415DF0A29B19D9700B03C30 /* Image + Extension.swift in Sources */,
				0415DF1C29B1AAF200B03C30 /* AppDelegate.swift in Sources */,
				0415DF0829B1976B00B03C30 /* Color + Extension.swift in Sources */,
				0415DEDB29B0384600B03C30 /* Just_List_ItApp.swift in Sources */,
				0415DF1E29B1AB3400B03C30 /* View + Extension.swift in Sources */,
				0415DF1829B1A75F00B03C30 /* LoginViewModel.swift in Sources */,
			);
			runOnlyForDeploymentPostprocessing = 0;
		};
		0415DEE329B0384800B03C30 /* Sources */ = {
			isa = PBXSourcesBuildPhase;
			buildActionMask = 2147483647;
			files = (
				0415DEEC29B0384800B03C30 /* Just_List_ItTests.swift in Sources */,
			);
			runOnlyForDeploymentPostprocessing = 0;
		};
		0415DEED29B0384800B03C30 /* Sources */ = {
			isa = PBXSourcesBuildPhase;
			buildActionMask = 2147483647;
			files = (
				0415DEF629B0384800B03C30 /* Just_List_ItUITests.swift in Sources */,
				0415DEF829B0384800B03C30 /* Just_List_ItUITestsLaunchTests.swift in Sources */,
			);
			runOnlyForDeploymentPostprocessing = 0;
		};
/* End PBXSourcesBuildPhase section */

/* Begin PBXTargetDependency section */
		0415DEE929B0384800B03C30 /* PBXTargetDependency */ = {
			isa = PBXTargetDependency;
			target = 0415DED629B0384600B03C30 /* Just List It */;
			targetProxy = 0415DEE829B0384800B03C30 /* PBXContainerItemProxy */;
		};
		0415DEF329B0384800B03C30 /* PBXTargetDependency */ = {
			isa = PBXTargetDependency;
			target = 0415DED629B0384600B03C30 /* Just List It */;
			targetProxy = 0415DEF229B0384800B03C30 /* PBXContainerItemProxy */;
		};
/* End PBXTargetDependency section */

/* Begin XCBuildConfiguration section */
		0415DEF929B0384800B03C30 /* Debug */ = {
			isa = XCBuildConfiguration;
			buildSettings = {
				ALWAYS_SEARCH_USER_PATHS = NO;
				CLANG_ANALYZER_NONNULL = YES;
				CLANG_ANALYZER_NUMBER_OBJECT_CONVERSION = YES_AGGRESSIVE;
				CLANG_CXX_LANGUAGE_STANDARD = "gnu++20";
				CLANG_ENABLE_MODULES = YES;
				CLANG_ENABLE_OBJC_ARC = YES;
				CLANG_ENABLE_OBJC_WEAK = YES;
				CLANG_WARN_BLOCK_CAPTURE_AUTORELEASING = YES;
				CLANG_WARN_BOOL_CONVERSION = YES;
				CLANG_WARN_COMMA = YES;
				CLANG_WARN_CONSTANT_CONVERSION = YES;
				CLANG_WARN_DEPRECATED_OBJC_IMPLEMENTATIONS = YES;
				CLANG_WARN_DIRECT_OBJC_ISA_USAGE = YES_ERROR;
				CLANG_WARN_DOCUMENTATION_COMMENTS = YES;
				CLANG_WARN_EMPTY_BODY = YES;
				CLANG_WARN_ENUM_CONVERSION = YES;
				CLANG_WARN_INFINITE_RECURSION = YES;
				CLANG_WARN_INT_CONVERSION = YES;
				CLANG_WARN_NON_LITERAL_NULL_CONVERSION = YES;
				CLANG_WARN_OBJC_IMPLICIT_RETAIN_SELF = YES;
				CLANG_WARN_OBJC_LITERAL_CONVERSION = YES;
				CLANG_WARN_OBJC_ROOT_CLASS = YES_ERROR;
				CLANG_WARN_QUOTED_INCLUDE_IN_FRAMEWORK_HEADER = YES;
				CLANG_WARN_RANGE_LOOP_ANALYSIS = YES;
				CLANG_WARN_STRICT_PROTOTYPES = YES;
				CLANG_WARN_SUSPICIOUS_MOVE = YES;
				CLANG_WARN_UNGUARDED_AVAILABILITY = YES_AGGRESSIVE;
				CLANG_WARN_UNREACHABLE_CODE = YES;
				CLANG_WARN__DUPLICATE_METHOD_MATCH = YES;
				COPY_PHASE_STRIP = NO;
				DEBUG_INFORMATION_FORMAT = dwarf;
				ENABLE_STRICT_OBJC_MSGSEND = YES;
				ENABLE_TESTABILITY = YES;
				GCC_C_LANGUAGE_STANDARD = gnu11;
				GCC_DYNAMIC_NO_PIC = NO;
				GCC_NO_COMMON_BLOCKS = YES;
				GCC_OPTIMIZATION_LEVEL = 0;
				GCC_PREPROCESSOR_DEFINITIONS = (
					"DEBUG=1",
					"$(inherited)",
				);
				GCC_WARN_64_TO_32_BIT_CONVERSION = YES;
				GCC_WARN_ABOUT_RETURN_TYPE = YES_ERROR;
				GCC_WARN_UNDECLARED_SELECTOR = YES;
				GCC_WARN_UNINITIALIZED_AUTOS = YES_AGGRESSIVE;
				GCC_WARN_UNUSED_FUNCTION = YES;
				GCC_WARN_UNUSED_VARIABLE = YES;
				IPHONEOS_DEPLOYMENT_TARGET = 16.2;
				MTL_ENABLE_DEBUG_INFO = INCLUDE_SOURCE;
				MTL_FAST_MATH = YES;
				ONLY_ACTIVE_ARCH = YES;
				SDKROOT = iphoneos;
				SWIFT_ACTIVE_COMPILATION_CONDITIONS = DEBUG;
				SWIFT_OPTIMIZATION_LEVEL = "-Onone";
			};
			name = Debug;
		};
		0415DEFA29B0384800B03C30 /* Release */ = {
			isa = XCBuildConfiguration;
			buildSettings = {
				ALWAYS_SEARCH_USER_PATHS = NO;
				CLANG_ANALYZER_NONNULL = YES;
				CLANG_ANALYZER_NUMBER_OBJECT_CONVERSION = YES_AGGRESSIVE;
				CLANG_CXX_LANGUAGE_STANDARD = "gnu++20";
				CLANG_ENABLE_MODULES = YES;
				CLANG_ENABLE_OBJC_ARC = YES;
				CLANG_ENABLE_OBJC_WEAK = YES;
				CLANG_WARN_BLOCK_CAPTURE_AUTORELEASING = YES;
				CLANG_WARN_BOOL_CONVERSION = YES;
				CLANG_WARN_COMMA = YES;
				CLANG_WARN_CONSTANT_CONVERSION = YES;
				CLANG_WARN_DEPRECATED_OBJC_IMPLEMENTATIONS = YES;
				CLANG_WARN_DIRECT_OBJC_ISA_USAGE = YES_ERROR;
				CLANG_WARN_DOCUMENTATION_COMMENTS = YES;
				CLANG_WARN_EMPTY_BODY = YES;
				CLANG_WARN_ENUM_CONVERSION = YES;
				CLANG_WARN_INFINITE_RECURSION = YES;
				CLANG_WARN_INT_CONVERSION = YES;
				CLANG_WARN_NON_LITERAL_NULL_CONVERSION = YES;
				CLANG_WARN_OBJC_IMPLICIT_RETAIN_SELF = YES;
				CLANG_WARN_OBJC_LITERAL_CONVERSION = YES;
				CLANG_WARN_OBJC_ROOT_CLASS = YES_ERROR;
				CLANG_WARN_QUOTED_INCLUDE_IN_FRAMEWORK_HEADER = YES;
				CLANG_WARN_RANGE_LOOP_ANALYSIS = YES;
				CLANG_WARN_STRICT_PROTOTYPES = YES;
				CLANG_WARN_SUSPICIOUS_MOVE = YES;
				CLANG_WARN_UNGUARDED_AVAILABILITY = YES_AGGRESSIVE;
				CLANG_WARN_UNREACHABLE_CODE = YES;
				CLANG_WARN__DUPLICATE_METHOD_MATCH = YES;
				COPY_PHASE_STRIP = NO;
				DEBUG_INFORMATION_FORMAT = "dwarf-with-dsym";
				ENABLE_NS_ASSERTIONS = NO;
				ENABLE_STRICT_OBJC_MSGSEND = YES;
				GCC_C_LANGUAGE_STANDARD = gnu11;
				GCC_NO_COMMON_BLOCKS = YES;
				GCC_WARN_64_TO_32_BIT_CONVERSION = YES;
				GCC_WARN_ABOUT_RETURN_TYPE = YES_ERROR;
				GCC_WARN_UNDECLARED_SELECTOR = YES;
				GCC_WARN_UNINITIALIZED_AUTOS = YES_AGGRESSIVE;
				GCC_WARN_UNUSED_FUNCTION = YES;
				GCC_WARN_UNUSED_VARIABLE = YES;
				IPHONEOS_DEPLOYMENT_TARGET = 16.2;
				MTL_ENABLE_DEBUG_INFO = NO;
				MTL_FAST_MATH = YES;
				SDKROOT = iphoneos;
				SWIFT_COMPILATION_MODE = wholemodule;
				SWIFT_OPTIMIZATION_LEVEL = "-O";
				VALIDATE_PRODUCT = YES;
			};
			name = Release;
		};
		0415DEFC29B0384800B03C30 /* Debug */ = {
			isa = XCBuildConfiguration;
			buildSettings = {
				ASSETCATALOG_COMPILER_APPICON_NAME = AppIcon;
				ASSETCATALOG_COMPILER_GLOBAL_ACCENT_COLOR_NAME = AccentColor;
				CODE_SIGN_STYLE = Automatic;
				CURRENT_PROJECT_VERSION = 1;
				DEVELOPMENT_ASSET_PATHS = "\"Just List It/Preview Content\"";
				DEVELOPMENT_TEAM = 2F54VR68GM;
				ENABLE_PREVIEWS = YES;
				GENERATE_INFOPLIST_FILE = YES;
				INFOPLIST_FILE = "Just-List-It-Info.plist";
				INFOPLIST_KEY_UIApplicationSceneManifest_Generation = YES;
				INFOPLIST_KEY_UIApplicationSupportsIndirectInputEvents = YES;
				INFOPLIST_KEY_UILaunchScreen_Generation = YES;
				INFOPLIST_KEY_UISupportedInterfaceOrientations_iPad = "UIInterfaceOrientationPortrait UIInterfaceOrientationPortraitUpsideDown UIInterfaceOrientationLandscapeLeft UIInterfaceOrientationLandscapeRight";
				INFOPLIST_KEY_UISupportedInterfaceOrientations_iPhone = "UIInterfaceOrientationPortrait UIInterfaceOrientationLandscapeLeft UIInterfaceOrientationLandscapeRight";
				LD_RUNPATH_SEARCH_PATHS = (
					"$(inherited)",
					"@executable_path/Frameworks",
				);
				MARKETING_VERSION = 1.0;
				PRODUCT_BUNDLE_IDENTIFIER = "fomagran.Just-List-It";
				PRODUCT_NAME = "$(TARGET_NAME)";
				SWIFT_EMIT_LOC_STRINGS = YES;
				SWIFT_VERSION = 5.0;
				TARGETED_DEVICE_FAMILY = "1,2";
			};
			name = Debug;
		};
		0415DEFD29B0384800B03C30 /* Release */ = {
			isa = XCBuildConfiguration;
			buildSettings = {
				ASSETCATALOG_COMPILER_APPICON_NAME = AppIcon;
				ASSETCATALOG_COMPILER_GLOBAL_ACCENT_COLOR_NAME = AccentColor;
				CODE_SIGN_STYLE = Automatic;
				CURRENT_PROJECT_VERSION = 1;
				DEVELOPMENT_ASSET_PATHS = "\"Just List It/Preview Content\"";
				DEVELOPMENT_TEAM = 2F54VR68GM;
				ENABLE_PREVIEWS = YES;
				GENERATE_INFOPLIST_FILE = YES;
				INFOPLIST_FILE = "Just-List-It-Info.plist";
				INFOPLIST_KEY_UIApplicationSceneManifest_Generation = YES;
				INFOPLIST_KEY_UIApplicationSupportsIndirectInputEvents = YES;
				INFOPLIST_KEY_UILaunchScreen_Generation = YES;
				INFOPLIST_KEY_UISupportedInterfaceOrientations_iPad = "UIInterfaceOrientationPortrait UIInterfaceOrientationPortraitUpsideDown UIInterfaceOrientationLandscapeLeft UIInterfaceOrientationLandscapeRight";
				INFOPLIST_KEY_UISupportedInterfaceOrientations_iPhone = "UIInterfaceOrientationPortrait UIInterfaceOrientationLandscapeLeft UIInterfaceOrientationLandscapeRight";
				LD_RUNPATH_SEARCH_PATHS = (
					"$(inherited)",
					"@executable_path/Frameworks",
				);
				MARKETING_VERSION = 1.0;
				PRODUCT_BUNDLE_IDENTIFIER = "fomagran.Just-List-It";
				PRODUCT_NAME = "$(TARGET_NAME)";
				SWIFT_EMIT_LOC_STRINGS = YES;
				SWIFT_VERSION = 5.0;
				TARGETED_DEVICE_FAMILY = "1,2";
			};
			name = Release;
		};
		0415DEFF29B0384800B03C30 /* Debug */ = {
			isa = XCBuildConfiguration;
			buildSettings = {
				ALWAYS_EMBED_SWIFT_STANDARD_LIBRARIES = YES;
				BUNDLE_LOADER = "$(TEST_HOST)";
				CODE_SIGN_STYLE = Automatic;
				CURRENT_PROJECT_VERSION = 1;
				DEVELOPMENT_TEAM = 2F54VR68GM;
				GENERATE_INFOPLIST_FILE = YES;
				IPHONEOS_DEPLOYMENT_TARGET = 16.2;
				MARKETING_VERSION = 1.0;
				PRODUCT_BUNDLE_IDENTIFIER = "fomagran.Just-List-ItTests";
				PRODUCT_NAME = "$(TARGET_NAME)";
				SWIFT_EMIT_LOC_STRINGS = NO;
				SWIFT_VERSION = 5.0;
				TARGETED_DEVICE_FAMILY = "1,2";
				TEST_HOST = "$(BUILT_PRODUCTS_DIR)/Just List It.app/$(BUNDLE_EXECUTABLE_FOLDER_PATH)/Just List It";
			};
			name = Debug;
		};
		0415DF0029B0384800B03C30 /* Release */ = {
			isa = XCBuildConfiguration;
			buildSettings = {
				ALWAYS_EMBED_SWIFT_STANDARD_LIBRARIES = YES;
				BUNDLE_LOADER = "$(TEST_HOST)";
				CODE_SIGN_STYLE = Automatic;
				CURRENT_PROJECT_VERSION = 1;
				DEVELOPMENT_TEAM = 2F54VR68GM;
				GENERATE_INFOPLIST_FILE = YES;
				IPHONEOS_DEPLOYMENT_TARGET = 16.2;
				MARKETING_VERSION = 1.0;
				PRODUCT_BUNDLE_IDENTIFIER = "fomagran.Just-List-ItTests";
				PRODUCT_NAME = "$(TARGET_NAME)";
				SWIFT_EMIT_LOC_STRINGS = NO;
				SWIFT_VERSION = 5.0;
				TARGETED_DEVICE_FAMILY = "1,2";
				TEST_HOST = "$(BUILT_PRODUCTS_DIR)/Just List It.app/$(BUNDLE_EXECUTABLE_FOLDER_PATH)/Just List It";
			};
			name = Release;
		};
		0415DF0229B0384800B03C30 /* Debug */ = {
			isa = XCBuildConfiguration;
			buildSettings = {
				ALWAYS_EMBED_SWIFT_STANDARD_LIBRARIES = YES;
				CODE_SIGN_STYLE = Automatic;
				CURRENT_PROJECT_VERSION = 1;
				DEVELOPMENT_TEAM = 2F54VR68GM;
				GENERATE_INFOPLIST_FILE = YES;
				MARKETING_VERSION = 1.0;
				PRODUCT_BUNDLE_IDENTIFIER = "fomagran.Just-List-ItUITests";
				PRODUCT_NAME = "$(TARGET_NAME)";
				SWIFT_EMIT_LOC_STRINGS = NO;
				SWIFT_VERSION = 5.0;
				TARGETED_DEVICE_FAMILY = "1,2";
				TEST_TARGET_NAME = "Just List It";
			};
			name = Debug;
		};
		0415DF0329B0384800B03C30 /* Release */ = {
			isa = XCBuildConfiguration;
			buildSettings = {
				ALWAYS_EMBED_SWIFT_STANDARD_LIBRARIES = YES;
				CODE_SIGN_STYLE = Automatic;
				CURRENT_PROJECT_VERSION = 1;
				DEVELOPMENT_TEAM = 2F54VR68GM;
				GENERATE_INFOPLIST_FILE = YES;
				MARKETING_VERSION = 1.0;
				PRODUCT_BUNDLE_IDENTIFIER = "fomagran.Just-List-ItUITests";
				PRODUCT_NAME = "$(TARGET_NAME)";
				SWIFT_EMIT_LOC_STRINGS = NO;
				SWIFT_VERSION = 5.0;
				TARGETED_DEVICE_FAMILY = "1,2";
				TEST_TARGET_NAME = "Just List It";
			};
			name = Release;
		};
/* End XCBuildConfiguration section */

/* Begin XCConfigurationList section */
		0415DED229B0384600B03C30 /* Build configuration list for PBXProject "Just List It" */ = {
			isa = XCConfigurationList;
			buildConfigurations = (
				0415DEF929B0384800B03C30 /* Debug */,
				0415DEFA29B0384800B03C30 /* Release */,
			);
			defaultConfigurationIsVisible = 0;
			defaultConfigurationName = Release;
		};
		0415DEFB29B0384800B03C30 /* Build configuration list for PBXNativeTarget "Just List It" */ = {
			isa = XCConfigurationList;
			buildConfigurations = (
				0415DEFC29B0384800B03C30 /* Debug */,
				0415DEFD29B0384800B03C30 /* Release */,
			);
			defaultConfigurationIsVisible = 0;
			defaultConfigurationName = Release;
		};
		0415DEFE29B0384800B03C30 /* Build configuration list for PBXNativeTarget "Just List ItTests" */ = {
			isa = XCConfigurationList;
			buildConfigurations = (
				0415DEFF29B0384800B03C30 /* Debug */,
				0415DF0029B0384800B03C30 /* Release */,
			);
			defaultConfigurationIsVisible = 0;
			defaultConfigurationName = Release;
		};
		0415DF0129B0384800B03C30 /* Build configuration list for PBXNativeTarget "Just List ItUITests" */ = {
			isa = XCConfigurationList;
			buildConfigurations = (
				0415DF0229B0384800B03C30 /* Debug */,
				0415DF0329B0384800B03C30 /* Release */,
			);
			defaultConfigurationIsVisible = 0;
			defaultConfigurationName = Release;
		};
/* End XCConfigurationList section */

/* Begin XCRemoteSwiftPackageReference section */
		0415DF0B29B1A40D00B03C30 /* XCRemoteSwiftPackageReference "firebase-ios-sdk" */ = {
			isa = XCRemoteSwiftPackageReference;
			repositoryURL = "https://github.com/firebase/firebase-ios-sdk";
			requirement = {
				kind = upToNextMajorVersion;
				minimumVersion = 9.0.0;
			};
		};
		0415DF0E29B1A5A800B03C30 /* XCRemoteSwiftPackageReference "GoogleSignIn-iOS" */ = {
			isa = XCRemoteSwiftPackageReference;
			repositoryURL = "https://github.com/google/GoogleSignIn-iOS";
			requirement = {
				kind = upToNextMajorVersion;
				minimumVersion = 7.0.0;
			};
		};
/* End XCRemoteSwiftPackageReference section */

/* Begin XCSwiftPackageProductDependency section */
		0415DF0C29B1A40D00B03C30 /* FirebaseAuth */ = {
			isa = XCSwiftPackageProductDependency;
			package = 0415DF0B29B1A40D00B03C30 /* XCRemoteSwiftPackageReference "firebase-ios-sdk" */;
			productName = FirebaseAuth;
		};
		0415DF0F29B1A5A800B03C30 /* GoogleSignIn */ = {
			isa = XCSwiftPackageProductDependency;
			package = 0415DF0E29B1A5A800B03C30 /* XCRemoteSwiftPackageReference "GoogleSignIn-iOS" */;
			productName = GoogleSignIn;
		};
/* End XCSwiftPackageProductDependency section */
	};
	rootObject = 0415DECF29B0384600B03C30 /* Project object */;
}
